
Microsoft Visual Studio Solution File, Format Version 12.00
# Visual Studio 15
VisualStudioVersion = 15.0.27428.2002
MinimumVisualStudioVersion = 10.0.40219.1
Project("{00D1A9C2-B5F0-4AF3-8072-F6C62B433612}") = "Banking_Database", "Banking_Database\Banking_Database.sqlproj", "{ECC22FFB-BFF0-4724-9665-DEA2E176777E}"
EndProject
Global
	GlobalSection(SolutionConfigurationPlatforms) = preSolution
		Debug|Any CPU = Debug|Any CPU
		Release|Any CPU = Release|Any CPU
	EndGlobalSection
	GlobalSection(ProjectConfigurationPlatforms) = postSolution
		{ECC22FFB-BFF0-4724-9665-DEA2E176777E}.Debug|Any CPU.ActiveCfg = Debug|Any CPU
		{ECC22FFB-BFF0-4724-9665-DEA2E176777E}.Debug|Any CPU.Build.0 = Debug|Any CPU
		{ECC22FFB-BFF0-4724-9665-DEA2E176777E}.Debug|Any CPU.Deploy.0 = Debug|Any CPU
		{ECC22FFB-BFF0-4724-9665-DEA2E176777E}.Release|Any CPU.ActiveCfg = Release|Any CPU
		{ECC22FFB-BFF0-4724-9665-DEA2E176777E}.Release|Any CPU.Build.0 = Release|Any CPU
		{ECC22FFB-BFF0-4724-9665-DEA2E176777E}.Release|Any CPU.Deploy.0 = Release|Any CPU
	EndGlobalSection
	GlobalSection(SolutionProperties) = preSolution
		HideSolutionNode = FALSE
	EndGlobalSection
	GlobalSection(ExtensibilityGlobals) = postSolution
		SolutionGuid = {58A9416E-3BDE-4D27-9AFA-955326895B9B}
	EndGlobalSection
EndGlobal
